// !$*UTF8*$!
{
	archiveVersion = 1;
	classes = {
	};
	objectVersion = 56;
	objects = {

/* Begin PBXBuildFile section */
		1234D2BB2D3E6DC4003A07A5 /* InAppPurchaseRepository.swift in Sources */ = {isa = PBXBuildFile; fileRef = 1234D2BA2D3E6DC3003A07A5 /* InAppPurchaseRepository.swift */; };
		1234D2BE2D3E6DF9003A07A5 /* ProductItem.swift in Sources */ = {isa = PBXBuildFile; fileRef = 1234D2BD2D3E6DF8003A07A5 /* ProductItem.swift */; };
		1234D2BF2D3E6DF9003A07A5 /* ProductItem.swift in Sources */ = {isa = PBXBuildFile; fileRef = 1234D2BD2D3E6DF8003A07A5 /* ProductItem.swift */; };
		1234D2C12D3E6E13003A07A5 /* SecretProductIdKey.swift in Sources */ = {isa = PBXBuildFile; fileRef = 1234D2C02D3E6E12003A07A5 /* SecretProductIdKey.swift */; };
		1234D2C22D3E6E13003A07A5 /* SecretProductIdKey.swift in Sources */ = {isa = PBXBuildFile; fileRef = 1234D2C02D3E6E12003A07A5 /* SecretProductIdKey.swift */; };
		1234D2C82D3E7325003A07A5 /* ExUIApplication.swift in Sources */ = {isa = PBXBuildFile; fileRef = 1234D2C72D3E7324003A07A5 /* ExUIApplication.swift */; };
		1234D2CA2D3E73CB003A07A5 /* ExView.swift in Sources */ = {isa = PBXBuildFile; fileRef = 1234D2C62D3E72A7003A07A5 /* ExView.swift */; };
		1234D2CD2D3E75CB003A07A5 /* InAppPurchaseView.swift in Sources */ = {isa = PBXBuildFile; fileRef = 1234D2CC2D3E75CB003A07A5 /* InAppPurchaseView.swift */; };
		1234D2CF2D3E75E3003A07A5 /* InAppPurchaseViewModel.swift in Sources */ = {isa = PBXBuildFile; fileRef = 1234D2CE2D3E75E2003A07A5 /* InAppPurchaseViewModel.swift */; };
		1234D2D22D3E767F003A07A5 /* RepositoryDependency.swift in Sources */ = {isa = PBXBuildFile; fileRef = 1234D2D12D3E767E003A07A5 /* RepositoryDependency.swift */; };
		1234D2D42D3E76A2003A07A5 /* UserDefaultsRepository.swift in Sources */ = {isa = PBXBuildFile; fileRef = 1234D2D32D3E76A2003A07A5 /* UserDefaultsRepository.swift */; };
		1234D2D72D3E781E003A07A5 /* AppManager.swift in Sources */ = {isa = PBXBuildFile; fileRef = 1234D2D62D3E781E003A07A5 /* AppManager.swift */; };
		1234D2D92D3E78DF003A07A5 /* ExModifier.swift in Sources */ = {isa = PBXBuildFile; fileRef = 1234D2D82D3E78DE003A07A5 /* ExModifier.swift */; };
		1234D2DC2D3E7937003A07A5 /* DeviceSizeUtility.swift in Sources */ = {isa = PBXBuildFile; fileRef = 1234D2DB2D3E7936003A07A5 /* DeviceSizeUtility.swift */; };
		1234D2DE2D3E7C10003A07A5 /* AsyncProducts.storekit in Resources */ = {isa = PBXBuildFile; fileRef = 1234D2DD2D3E7C10003A07A5 /* AsyncProducts.storekit */; };
		123A16B42AF3E21000C66BDB /* StockWatchApp.swift in Sources */ = {isa = PBXBuildFile; fileRef = 123A16B32AF3E21000C66BDB /* StockWatchApp.swift */; };
		123A16B62AF3E21000C66BDB /* StockListView.swift in Sources */ = {isa = PBXBuildFile; fileRef = 123A16B52AF3E21000C66BDB /* StockListView.swift */; };
		123A16B82AF3E21100C66BDB /* Assets.xcassets in Resources */ = {isa = PBXBuildFile; fileRef = 123A16B72AF3E21100C66BDB /* Assets.xcassets */; };
		123A16BB2AF3E21100C66BDB /* Preview Assets.xcassets in Resources */ = {isa = PBXBuildFile; fileRef = 123A16BA2AF3E21100C66BDB /* Preview Assets.xcassets */; };
		123A16C02AF3E2A200C66BDB /* iOSConnectViewModel.swift in Sources */ = {isa = PBXBuildFile; fileRef = 123A16BF2AF3E2A200C66BDB /* iOSConnectViewModel.swift */; };
		123A16C22AF3E2C800C66BDB /* WatchConnectViewModel.swift in Sources */ = {isa = PBXBuildFile; fileRef = 123A16C12AF3E2C800C66BDB /* WatchConnectViewModel.swift */; };
		123A16CA2AF465B600C66BDB /* Stock.swift in Sources */ = {isa = PBXBuildFile; fileRef = 12F666D42AADEDED004BA49E /* Stock.swift */; };
		123A16CB2AF465B800C66BDB /* StockItem.swift in Sources */ = {isa = PBXBuildFile; fileRef = 12F666D62AADEE26004BA49E /* StockItem.swift */; };
		123A16CC2AF4F16800C66BDB /* StockWatch Watch App.app in Embed Watch Content */ = {isa = PBXBuildFile; fileRef = 123A16B12AF3E21000C66BDB /* StockWatch Watch App.app */; settings = {ATTRIBUTES = (RemoveHeadersOnCopy, ); }; };
		123A16D32AF8B55500C66BDB /* StockItemListView.swift in Sources */ = {isa = PBXBuildFile; fileRef = 123A16D22AF8B55500C66BDB /* StockItemListView.swift */; };
		123A16D52AFB4D7600C66BDB /* EXCollection.swift in Sources */ = {isa = PBXBuildFile; fileRef = 123A16D42AFB4D7600C66BDB /* EXCollection.swift */; };
		123A16D62AFB4D7600C66BDB /* EXCollection.swift in Sources */ = {isa = PBXBuildFile; fileRef = 123A16D42AFB4D7600C66BDB /* EXCollection.swift */; };
		123A16D82AFB526500C66BDB /* StockItemRowView.swift in Sources */ = {isa = PBXBuildFile; fileRef = 123A16D72AFB526500C66BDB /* StockItemRowView.swift */; };
		12C3DD3A2AFB984D004E6D4A /* RepositoryViewModel.swift in Sources */ = {isa = PBXBuildFile; fileRef = 12C3DD392AFB984D004E6D4A /* RepositoryViewModel.swift */; };
		12C3DD3E2AFB9C4B004E6D4A /* Images.xcassets in Resources */ = {isa = PBXBuildFile; fileRef = 12F666E52AADF22B004BA49E /* Images.xcassets */; };
		12C3DD3F2AFB9C55004E6D4A /* Assets.swift in Sources */ = {isa = PBXBuildFile; fileRef = 12F666EA2AADF2C4004BA49E /* Assets.swift */; };
		12C3DD402AFB9C58004E6D4A /* Strings.swift in Sources */ = {isa = PBXBuildFile; fileRef = 12F667052AAF557A004BA49E /* Strings.swift */; };
		12C3DD432AFB9DAD004E6D4A /* RealmRepository.swift in Sources */ = {isa = PBXBuildFile; fileRef = 12C3DD422AFB9DAD004E6D4A /* RealmRepository.swift */; };
		12F666B92AADEBC5004BA49E /* StockApp.swift in Sources */ = {isa = PBXBuildFile; fileRef = 12F666B82AADEBC5004BA49E /* StockApp.swift */; };
		12F666C02AADEBC7004BA49E /* Preview Assets.xcassets in Resources */ = {isa = PBXBuildFile; fileRef = 12F666BF2AADEBC7004BA49E /* Preview Assets.xcassets */; };
		12F666C72AADEC93004BA49E /* GoogleService-Info.plist in Resources */ = {isa = PBXBuildFile; fileRef = 12F666C62AADEC93004BA49E /* GoogleService-Info.plist */; };
		12F666CF2AADED67004BA49E /* RealmRepository.swift in Sources */ = {isa = PBXBuildFile; fileRef = 12F666CE2AADED67004BA49E /* RealmRepository.swift */; };
		12F666D12AADED96004BA49E /* ExColor.swift in Sources */ = {isa = PBXBuildFile; fileRef = 12F666D02AADED96004BA49E /* ExColor.swift */; };
		12F666D32AADEDAB004BA49E /* AvailableNavigationStack.swift in Sources */ = {isa = PBXBuildFile; fileRef = 12F666D22AADEDAB004BA49E /* AvailableNavigationStack.swift */; };
		12F666D52AADEDED004BA49E /* Stock.swift in Sources */ = {isa = PBXBuildFile; fileRef = 12F666D42AADEDED004BA49E /* Stock.swift */; };
		12F666D72AADEE26004BA49E /* StockItem.swift in Sources */ = {isa = PBXBuildFile; fileRef = 12F666D62AADEE26004BA49E /* StockItem.swift */; };
		12F666D92AADEE64004BA49E /* StockListView.swift in Sources */ = {isa = PBXBuildFile; fileRef = 12F666D82AADEE64004BA49E /* StockListView.swift */; };
		12F666DF2AADEF1D004BA49E /* StockRowView.swift in Sources */ = {isa = PBXBuildFile; fileRef = 12F666DE2AADEF1D004BA49E /* StockRowView.swift */; };
		12F666E12AADEF43004BA49E /* StockItemListView.swift in Sources */ = {isa = PBXBuildFile; fileRef = 12F666E02AADEF43004BA49E /* StockItemListView.swift */; };
		12F666E62AADF22B004BA49E /* Images.xcassets in Resources */ = {isa = PBXBuildFile; fileRef = 12F666E52AADF22B004BA49E /* Images.xcassets */; };
		12F666E82AADF252004BA49E /* Colors.xcassets in Resources */ = {isa = PBXBuildFile; fileRef = 12F666E72AADF252004BA49E /* Colors.xcassets */; };
		12F666EB2AADF2C4004BA49E /* Assets.swift in Sources */ = {isa = PBXBuildFile; fileRef = 12F666EA2AADF2C4004BA49E /* Assets.swift */; };
		12F666ED2AAE03E7004BA49E /* AvailableListBackGroundStack.swift in Sources */ = {isa = PBXBuildFile; fileRef = 12F666EC2AAE03E7004BA49E /* AvailableListBackGroundStack.swift */; };
		12F666F22AAE8DF6004BA49E /* HeaderView.swift in Sources */ = {isa = PBXBuildFile; fileRef = 12F666F12AAE8DF6004BA49E /* HeaderView.swift */; };
		12F666F42AAE8FE6004BA49E /* InputView.swift in Sources */ = {isa = PBXBuildFile; fileRef = 12F666F32AAE8FE6004BA49E /* InputView.swift */; };
		12F666F62AAE983A004BA49E /* FooterView.swift in Sources */ = {isa = PBXBuildFile; fileRef = 12F666F52AAE983A004BA49E /* FooterView.swift */; };
		12F666F82AAF3CA1004BA49E /* AdMobView.swift in Sources */ = {isa = PBXBuildFile; fileRef = 12F666F72AAF3CA1004BA49E /* AdMobView.swift */; };
		12F666FA2AAF4311004BA49E /* SettingView.swift in Sources */ = {isa = PBXBuildFile; fileRef = 12F666F92AAF4311004BA49E /* SettingView.swift */; };
		12F666FC2AAF459C004BA49E /* RewardButtonView.swift in Sources */ = {isa = PBXBuildFile; fileRef = 12F666FB2AAF459C004BA49E /* RewardButtonView.swift */; };
		12F666FE2AAF4F53004BA49E /* SettingViewModel.swift in Sources */ = {isa = PBXBuildFile; fileRef = 12F666FD2AAF4F53004BA49E /* SettingViewModel.swift */; };
		12F667012AAF50B3004BA49E /* Localizable.strings in Resources */ = {isa = PBXBuildFile; fileRef = 12F667032AAF50B3004BA49E /* Localizable.strings */; };
		12F667062AAF557A004BA49E /* Strings.swift in Sources */ = {isa = PBXBuildFile; fileRef = 12F667052AAF557A004BA49E /* Strings.swift */; };
		12F6670A2AAFEF22004BA49E /* UserDefaultsManager.swift in Sources */ = {isa = PBXBuildFile; fileRef = 12F667092AAFEF22004BA49E /* UserDefaultsManager.swift */; };
		12F6670C2AB0326A004BA49E /* RootEnvironment.swift in Sources */ = {isa = PBXBuildFile; fileRef = 12F6670B2AB0326A004BA49E /* RootEnvironment.swift */; };
		12F667142AB12A98004BA49E /* Mode.swift in Sources */ = {isa = PBXBuildFile; fileRef = 12F667132AB12A98004BA49E /* Mode.swift */; };
		12F667162AB13045004BA49E /* HowToUseTheAppView.swift in Sources */ = {isa = PBXBuildFile; fileRef = 12F667152AB13045004BA49E /* HowToUseTheAppView.swift */; };
		12F667182AB1306B004BA49E /* AccordionBoxView.swift in Sources */ = {isa = PBXBuildFile; fileRef = 12F667172AB1306B004BA49E /* AccordionBoxView.swift */; };
		12F6671A2AB13BC0004BA49E /* RepositoryViewModel.swift in Sources */ = {isa = PBXBuildFile; fileRef = 12F667192AB13BC0004BA49E /* RepositoryViewModel.swift */; };
		9F20949866BC53258F492164 /* Pods_Stock.framework in Frameworks */ = {isa = PBXBuildFile; fileRef = FF31ADA715E6A8EB4DCB8B3C /* Pods_Stock.framework */; };
		D0421DA98CD477554A86411E /* Pods_StockWatch_Watch_App.framework in Frameworks */ = {isa = PBXBuildFile; fileRef = 13570DD197F356B1727E9240 /* Pods_StockWatch_Watch_App.framework */; };
/* End PBXBuildFile section */

/* Begin PBXContainerItemProxy section */
		123A16CD2AF4F16800C66BDB /* PBXContainerItemProxy */ = {
			isa = PBXContainerItemProxy;
			containerPortal = 12F666AD2AADEBC5004BA49E /* Project object */;
			proxyType = 1;
			remoteGlobalIDString = 123A16B02AF3E21000C66BDB;
			remoteInfo = "StockWatch Watch App";
		};
/* End PBXContainerItemProxy section */

/* Begin PBXCopyFilesBuildPhase section */
		123A16CF2AF4F16800C66BDB /* Embed Watch Content */ = {
			isa = PBXCopyFilesBuildPhase;
			buildActionMask = 2147483647;
			dstPath = "$(CONTENTS_FOLDER_PATH)/Watch";
			dstSubfolderSpec = 16;
			files = (
				123A16CC2AF4F16800C66BDB /* StockWatch Watch App.app in Embed Watch Content */,
			);
			name = "Embed Watch Content";
			runOnlyForDeploymentPostprocessing = 0;
		};
/* End PBXCopyFilesBuildPhase section */

/* Begin PBXFileReference section */
		06EE230EEC3480465C26678D /* Pods-StockWatch Watch App.debug.xcconfig */ = {isa = PBXFileReference; includeInIndex = 1; lastKnownFileType = text.xcconfig; name = "Pods-StockWatch Watch App.debug.xcconfig"; path = "Target Support Files/Pods-StockWatch Watch App/Pods-StockWatch Watch App.debug.xcconfig"; sourceTree = "<group>"; };
		1234D2BA2D3E6DC3003A07A5 /* InAppPurchaseRepository.swift */ = {isa = PBXFileReference; lastKnownFileType = sourcecode.swift; path = InAppPurchaseRepository.swift; sourceTree = "<group>"; };
		1234D2BD2D3E6DF8003A07A5 /* ProductItem.swift */ = {isa = PBXFileReference; lastKnownFileType = sourcecode.swift; path = ProductItem.swift; sourceTree = "<group>"; };
		1234D2C02D3E6E12003A07A5 /* SecretProductIdKey.swift */ = {isa = PBXFileReference; lastKnownFileType = sourcecode.swift; path = SecretProductIdKey.swift; sourceTree = "<group>"; };
		1234D2C62D3E72A7003A07A5 /* ExView.swift */ = {isa = PBXFileReference; lastKnownFileType = sourcecode.swift; path = ExView.swift; sourceTree = "<group>"; };
		1234D2C72D3E7324003A07A5 /* ExUIApplication.swift */ = {isa = PBXFileReference; lastKnownFileType = sourcecode.swift; path = ExUIApplication.swift; sourceTree = "<group>"; };
		1234D2CC2D3E75CB003A07A5 /* InAppPurchaseView.swift */ = {isa = PBXFileReference; lastKnownFileType = sourcecode.swift; path = InAppPurchaseView.swift; sourceTree = "<group>"; };
		1234D2CE2D3E75E2003A07A5 /* InAppPurchaseViewModel.swift */ = {isa = PBXFileReference; lastKnownFileType = sourcecode.swift; path = InAppPurchaseViewModel.swift; sourceTree = "<group>"; };
		1234D2D12D3E767E003A07A5 /* RepositoryDependency.swift */ = {isa = PBXFileReference; lastKnownFileType = sourcecode.swift; path = RepositoryDependency.swift; sourceTree = "<group>"; };
		1234D2D32D3E76A2003A07A5 /* UserDefaultsRepository.swift */ = {isa = PBXFileReference; lastKnownFileType = sourcecode.swift; path = UserDefaultsRepository.swift; sourceTree = "<group>"; };
		1234D2D62D3E781E003A07A5 /* AppManager.swift */ = {isa = PBXFileReference; lastKnownFileType = sourcecode.swift; path = AppManager.swift; sourceTree = "<group>"; };
		1234D2D82D3E78DE003A07A5 /* ExModifier.swift */ = {isa = PBXFileReference; lastKnownFileType = sourcecode.swift; path = ExModifier.swift; sourceTree = "<group>"; };
		1234D2DB2D3E7936003A07A5 /* DeviceSizeUtility.swift */ = {isa = PBXFileReference; lastKnownFileType = sourcecode.swift; path = DeviceSizeUtility.swift; sourceTree = "<group>"; };
		1234D2DD2D3E7C10003A07A5 /* AsyncProducts.storekit */ = {isa = PBXFileReference; lastKnownFileType = text; path = AsyncProducts.storekit; sourceTree = "<group>"; };
		123A16B12AF3E21000C66BDB /* StockWatch Watch App.app */ = {isa = PBXFileReference; explicitFileType = wrapper.application; includeInIndex = 0; path = "StockWatch Watch App.app"; sourceTree = BUILT_PRODUCTS_DIR; };
		123A16B32AF3E21000C66BDB /* StockWatchApp.swift */ = {isa = PBXFileReference; lastKnownFileType = sourcecode.swift; path = StockWatchApp.swift; sourceTree = "<group>"; };
		123A16B52AF3E21000C66BDB /* StockListView.swift */ = {isa = PBXFileReference; lastKnownFileType = sourcecode.swift; path = StockListView.swift; sourceTree = "<group>"; };
		123A16B72AF3E21100C66BDB /* Assets.xcassets */ = {isa = PBXFileReference; lastKnownFileType = folder.assetcatalog; path = Assets.xcassets; sourceTree = "<group>"; };
		123A16BA2AF3E21100C66BDB /* Preview Assets.xcassets */ = {isa = PBXFileReference; lastKnownFileType = folder.assetcatalog; path = "Preview Assets.xcassets"; sourceTree = "<group>"; };
		123A16BF2AF3E2A200C66BDB /* iOSConnectViewModel.swift */ = {isa = PBXFileReference; lastKnownFileType = sourcecode.swift; path = iOSConnectViewModel.swift; sourceTree = "<group>"; };
		123A16C12AF3E2C800C66BDB /* WatchConnectViewModel.swift */ = {isa = PBXFileReference; lastKnownFileType = sourcecode.swift; path = WatchConnectViewModel.swift; sourceTree = "<group>"; };
		123A16D22AF8B55500C66BDB /* StockItemListView.swift */ = {isa = PBXFileReference; lastKnownFileType = sourcecode.swift; path = StockItemListView.swift; sourceTree = "<group>"; };
		123A16D42AFB4D7600C66BDB /* EXCollection.swift */ = {isa = PBXFileReference; lastKnownFileType = sourcecode.swift; path = EXCollection.swift; sourceTree = "<group>"; };
		123A16D72AFB526500C66BDB /* StockItemRowView.swift */ = {isa = PBXFileReference; lastKnownFileType = sourcecode.swift; path = StockItemRowView.swift; sourceTree = "<group>"; };
		12C3DD392AFB984D004E6D4A /* RepositoryViewModel.swift */ = {isa = PBXFileReference; lastKnownFileType = sourcecode.swift; path = RepositoryViewModel.swift; sourceTree = "<group>"; };
		12C3DD422AFB9DAD004E6D4A /* RealmRepository.swift */ = {isa = PBXFileReference; lastKnownFileType = sourcecode.swift; path = RealmRepository.swift; sourceTree = "<group>"; };
		12F666B52AADEBC5004BA49E /* Stock.app */ = {isa = PBXFileReference; explicitFileType = wrapper.application; includeInIndex = 0; path = Stock.app; sourceTree = BUILT_PRODUCTS_DIR; };
		12F666B82AADEBC5004BA49E /* StockApp.swift */ = {isa = PBXFileReference; lastKnownFileType = sourcecode.swift; path = StockApp.swift; sourceTree = "<group>"; };
		12F666BF2AADEBC7004BA49E /* Preview Assets.xcassets */ = {isa = PBXFileReference; lastKnownFileType = folder.assetcatalog; path = "Preview Assets.xcassets"; sourceTree = "<group>"; };
		12F666C62AADEC93004BA49E /* GoogleService-Info.plist */ = {isa = PBXFileReference; lastKnownFileType = text.plist; path = "GoogleService-Info.plist"; sourceTree = SOURCE_ROOT; };
		12F666C82AADECDC004BA49E /* Info.plist */ = {isa = PBXFileReference; lastKnownFileType = text.plist; path = Info.plist; sourceTree = "<group>"; };
		12F666CE2AADED67004BA49E /* RealmRepository.swift */ = {isa = PBXFileReference; lastKnownFileType = sourcecode.swift; path = RealmRepository.swift; sourceTree = "<group>"; };
		12F666D02AADED96004BA49E /* ExColor.swift */ = {isa = PBXFileReference; lastKnownFileType = sourcecode.swift; path = ExColor.swift; sourceTree = "<group>"; };
		12F666D22AADEDAB004BA49E /* AvailableNavigationStack.swift */ = {isa = PBXFileReference; lastKnownFileType = sourcecode.swift; path = AvailableNavigationStack.swift; sourceTree = "<group>"; };
		12F666D42AADEDED004BA49E /* Stock.swift */ = {isa = PBXFileReference; lastKnownFileType = sourcecode.swift; path = Stock.swift; sourceTree = "<group>"; };
		12F666D62AADEE26004BA49E /* StockItem.swift */ = {isa = PBXFileReference; lastKnownFileType = sourcecode.swift; path = StockItem.swift; sourceTree = "<group>"; };
		12F666D82AADEE64004BA49E /* StockListView.swift */ = {isa = PBXFileReference; lastKnownFileType = sourcecode.swift; path = StockListView.swift; sourceTree = "<group>"; };
		12F666DE2AADEF1D004BA49E /* StockRowView.swift */ = {isa = PBXFileReference; lastKnownFileType = sourcecode.swift; path = StockRowView.swift; sourceTree = "<group>"; };
		12F666E02AADEF43004BA49E /* StockItemListView.swift */ = {isa = PBXFileReference; lastKnownFileType = sourcecode.swift; path = StockItemListView.swift; sourceTree = "<group>"; };
		12F666E52AADF22B004BA49E /* Images.xcassets */ = {isa = PBXFileReference; lastKnownFileType = folder.assetcatalog; path = Images.xcassets; sourceTree = "<group>"; };
		12F666E72AADF252004BA49E /* Colors.xcassets */ = {isa = PBXFileReference; lastKnownFileType = folder.assetcatalog; path = Colors.xcassets; sourceTree = "<group>"; };
		12F666EA2AADF2C4004BA49E /* Assets.swift */ = {isa = PBXFileReference; fileEncoding = 4; lastKnownFileType = sourcecode.swift; path = Assets.swift; sourceTree = "<group>"; };
		12F666EC2AAE03E7004BA49E /* AvailableListBackGroundStack.swift */ = {isa = PBXFileReference; lastKnownFileType = sourcecode.swift; path = AvailableListBackGroundStack.swift; sourceTree = "<group>"; };
		12F666F12AAE8DF6004BA49E /* HeaderView.swift */ = {isa = PBXFileReference; fileEncoding = 4; lastKnownFileType = sourcecode.swift; path = HeaderView.swift; sourceTree = "<group>"; };
		12F666F32AAE8FE6004BA49E /* InputView.swift */ = {isa = PBXFileReference; lastKnownFileType = sourcecode.swift; path = InputView.swift; sourceTree = "<group>"; };
		12F666F52AAE983A004BA49E /* FooterView.swift */ = {isa = PBXFileReference; lastKnownFileType = sourcecode.swift; path = FooterView.swift; sourceTree = "<group>"; };
		12F666F72AAF3CA1004BA49E /* AdMobView.swift */ = {isa = PBXFileReference; lastKnownFileType = sourcecode.swift; path = AdMobView.swift; sourceTree = "<group>"; };
		12F666F92AAF4311004BA49E /* SettingView.swift */ = {isa = PBXFileReference; lastKnownFileType = sourcecode.swift; path = SettingView.swift; sourceTree = "<group>"; };
		12F666FB2AAF459C004BA49E /* RewardButtonView.swift */ = {isa = PBXFileReference; lastKnownFileType = sourcecode.swift; path = RewardButtonView.swift; sourceTree = "<group>"; };
		12F666FD2AAF4F53004BA49E /* SettingViewModel.swift */ = {isa = PBXFileReference; lastKnownFileType = sourcecode.swift; path = SettingViewModel.swift; sourceTree = "<group>"; };
		12F667022AAF50B3004BA49E /* ja */ = {isa = PBXFileReference; lastKnownFileType = text.plist.strings; name = ja; path = ja.lproj/Localizable.strings; sourceTree = "<group>"; };
		12F667042AAF50CF004BA49E /* en */ = {isa = PBXFileReference; lastKnownFileType = text.plist.strings; name = en; path = en.lproj/Localizable.strings; sourceTree = "<group>"; };
		12F667052AAF557A004BA49E /* Strings.swift */ = {isa = PBXFileReference; fileEncoding = 4; lastKnownFileType = sourcecode.swift; path = Strings.swift; sourceTree = "<group>"; };
		12F667092AAFEF22004BA49E /* UserDefaultsManager.swift */ = {isa = PBXFileReference; lastKnownFileType = sourcecode.swift; path = UserDefaultsManager.swift; sourceTree = "<group>"; };
		12F6670B2AB0326A004BA49E /* RootEnvironment.swift */ = {isa = PBXFileReference; lastKnownFileType = sourcecode.swift; path = RootEnvironment.swift; sourceTree = "<group>"; };
		12F667132AB12A98004BA49E /* Mode.swift */ = {isa = PBXFileReference; lastKnownFileType = sourcecode.swift; path = Mode.swift; sourceTree = "<group>"; };
		12F667152AB13045004BA49E /* HowToUseTheAppView.swift */ = {isa = PBXFileReference; lastKnownFileType = sourcecode.swift; path = HowToUseTheAppView.swift; sourceTree = "<group>"; };
		12F667172AB1306B004BA49E /* AccordionBoxView.swift */ = {isa = PBXFileReference; lastKnownFileType = sourcecode.swift; path = AccordionBoxView.swift; sourceTree = "<group>"; };
		12F667192AB13BC0004BA49E /* RepositoryViewModel.swift */ = {isa = PBXFileReference; lastKnownFileType = sourcecode.swift; path = RepositoryViewModel.swift; sourceTree = "<group>"; };
		13570DD197F356B1727E9240 /* Pods_StockWatch_Watch_App.framework */ = {isa = PBXFileReference; explicitFileType = wrapper.framework; includeInIndex = 0; path = Pods_StockWatch_Watch_App.framework; sourceTree = BUILT_PRODUCTS_DIR; };
		527B61039EB990B157619835 /* Pods-StockWatch Watch App.release.xcconfig */ = {isa = PBXFileReference; includeInIndex = 1; lastKnownFileType = text.xcconfig; name = "Pods-StockWatch Watch App.release.xcconfig"; path = "Target Support Files/Pods-StockWatch Watch App/Pods-StockWatch Watch App.release.xcconfig"; sourceTree = "<group>"; };
		90768591E79D79D58DF86FB0 /* Pods-Stock.debug.xcconfig */ = {isa = PBXFileReference; includeInIndex = 1; lastKnownFileType = text.xcconfig; name = "Pods-Stock.debug.xcconfig"; path = "Target Support Files/Pods-Stock/Pods-Stock.debug.xcconfig"; sourceTree = "<group>"; };
		D52EE470740272F9154FC79C /* Pods-Stock.release.xcconfig */ = {isa = PBXFileReference; includeInIndex = 1; lastKnownFileType = text.xcconfig; name = "Pods-Stock.release.xcconfig"; path = "Target Support Files/Pods-Stock/Pods-Stock.release.xcconfig"; sourceTree = "<group>"; };
		FF31ADA715E6A8EB4DCB8B3C /* Pods_Stock.framework */ = {isa = PBXFileReference; explicitFileType = wrapper.framework; includeInIndex = 0; path = Pods_Stock.framework; sourceTree = BUILT_PRODUCTS_DIR; };
/* End PBXFileReference section */

/* Begin PBXFrameworksBuildPhase section */
		123A16AE2AF3E21000C66BDB /* Frameworks */ = {
			isa = PBXFrameworksBuildPhase;
			buildActionMask = 2147483647;
			files = (
				D0421DA98CD477554A86411E /* Pods_StockWatch_Watch_App.framework in Frameworks */,
			);
			runOnlyForDeploymentPostprocessing = 0;
		};
		12F666B22AADEBC5004BA49E /* Frameworks */ = {
			isa = PBXFrameworksBuildPhase;
			buildActionMask = 2147483647;
			files = (
				9F20949866BC53258F492164 /* Pods_Stock.framework in Frameworks */,
			);
			runOnlyForDeploymentPostprocessing = 0;
		};
/* End PBXFrameworksBuildPhase section */

/* Begin PBXGroup section */
		1234D2BC2D3E6DED003A07A5 /* InAppPurchase */ = {
			isa = PBXGroup;
			children = (
				1234D2BD2D3E6DF8003A07A5 /* ProductItem.swift */,
				1234D2C02D3E6E12003A07A5 /* SecretProductIdKey.swift */,
			);
			path = InAppPurchase;
			sourceTree = "<group>";
		};
		1234D2C32D3E7283003A07A5 /* Extenstion */ = {
			isa = PBXGroup;
			children = (
				12F666D02AADED96004BA49E /* ExColor.swift */,
				1234D2D82D3E78DE003A07A5 /* ExModifier.swift */,
				123A16D42AFB4D7600C66BDB /* EXCollection.swift */,
				1234D2C72D3E7324003A07A5 /* ExUIApplication.swift */,
				1234D2C62D3E72A7003A07A5 /* ExView.swift */,
				12F666D22AADEDAB004BA49E /* AvailableNavigationStack.swift */,
				12F666EC2AAE03E7004BA49E /* AvailableListBackGroundStack.swift */,
			);
			path = Extenstion;
			sourceTree = "<group>";
		};
		1234D2CB2D3E75BB003A07A5 /* Setting */ = {
			isa = PBXGroup;
			children = (
				12F666F92AAF4311004BA49E /* SettingView.swift */,
				12F667152AB13045004BA49E /* HowToUseTheAppView.swift */,
				1234D2CC2D3E75CB003A07A5 /* InAppPurchaseView.swift */,
			);
			path = Setting;
			sourceTree = "<group>";
		};
		1234D2D02D3E767B003A07A5 /* DI */ = {
			isa = PBXGroup;
			children = (
				1234D2D12D3E767E003A07A5 /* RepositoryDependency.swift */,
			);
			path = DI;
			sourceTree = "<group>";
		};
		1234D2D52D3E77B1003A07A5 /* Managers */ = {
			isa = PBXGroup;
			children = (
				1234D2D62D3E781E003A07A5 /* AppManager.swift */,
				12F667092AAFEF22004BA49E /* UserDefaultsManager.swift */,
			);
			path = Managers;
			sourceTree = "<group>";
		};
		1234D2DA2D3E792A003A07A5 /* Utility */ = {
			isa = PBXGroup;
			children = (
				1234D2DB2D3E7936003A07A5 /* DeviceSizeUtility.swift */,
			);
			path = Utility;
			sourceTree = "<group>";
		};
		123A16B22AF3E21000C66BDB /* StockWatch Watch App */ = {
			isa = PBXGroup;
			children = (
				123A16D02AF52C0900C66BDB /* View */,
				123A16D12AF52C1A00C66BDB /* ViewModel */,
				12C3DD412AFB9D9F004E6D4A /* Repository */,
				123A16B72AF3E21100C66BDB /* Assets.xcassets */,
				123A16B92AF3E21100C66BDB /* Preview Content */,
			);
			path = "StockWatch Watch App";
			sourceTree = "<group>";
		};
		123A16B92AF3E21100C66BDB /* Preview Content */ = {
			isa = PBXGroup;
			children = (
				123A16BA2AF3E21100C66BDB /* Preview Assets.xcassets */,
			);
			path = "Preview Content";
			sourceTree = "<group>";
		};
		123A16D02AF52C0900C66BDB /* View */ = {
			isa = PBXGroup;
			children = (
				123A16B32AF3E21000C66BDB /* StockWatchApp.swift */,
				123A16B52AF3E21000C66BDB /* StockListView.swift */,
				123A16D22AF8B55500C66BDB /* StockItemListView.swift */,
				123A16D72AFB526500C66BDB /* StockItemRowView.swift */,
			);
			path = View;
			sourceTree = "<group>";
		};
		123A16D12AF52C1A00C66BDB /* ViewModel */ = {
			isa = PBXGroup;
			children = (
				123A16BF2AF3E2A200C66BDB /* iOSConnectViewModel.swift */,
				12C3DD392AFB984D004E6D4A /* RepositoryViewModel.swift */,
			);
			path = ViewModel;
			sourceTree = "<group>";
		};
		12C3DD412AFB9D9F004E6D4A /* Repository */ = {
			isa = PBXGroup;
			children = (
				12C3DD422AFB9DAD004E6D4A /* RealmRepository.swift */,
			);
			path = Repository;
			sourceTree = "<group>";
		};
		12F666AC2AADEBC5004BA49E = {
			isa = PBXGroup;
			children = (
				12F666B72AADEBC5004BA49E /* Stock */,
				123A16B22AF3E21000C66BDB /* StockWatch Watch App */,
				12F666B62AADEBC5004BA49E /* Products */,
				D21FBA19D5D7EB9E665EDB59 /* Pods */,
				6B5A92AB7F14FD83981853A4 /* Frameworks */,
			);
			sourceTree = "<group>";
		};
		12F666B62AADEBC5004BA49E /* Products */ = {
			isa = PBXGroup;
			children = (
				12F666B52AADEBC5004BA49E /* Stock.app */,
				123A16B12AF3E21000C66BDB /* StockWatch Watch App.app */,
			);
			name = Products;
			sourceTree = "<group>";
		};
		12F666B72AADEBC5004BA49E /* Stock */ = {
			isa = PBXGroup;
			children = (
				12F666C82AADECDC004BA49E /* Info.plist */,
				12F666C62AADEC93004BA49E /* GoogleService-Info.plist */,
				1234D2DD2D3E7C10003A07A5 /* AsyncProducts.storekit */,
				12F666E92AADF27D004BA49E /* Generated */,
				12F666E42AADF204004BA49E /* Resources */,
				12F666CC2AADED4C004BA49E /* Extension&Utility */,
				12F666CA2AADED34004BA49E /* Model */,
				12F666C92AADED2E004BA49E /* View */,
				12F666CB2AADED39004BA49E /* ViewModel */,
				12F666CD2AADED53004BA49E /* Repository */,
				1234D2D52D3E77B1003A07A5 /* Managers */,
				12F666BE2AADEBC7004BA49E /* Preview Content */,
			);
			path = Stock;
			sourceTree = "<group>";
		};
		12F666BE2AADEBC7004BA49E /* Preview Content */ = {
			isa = PBXGroup;
			children = (
				12F666BF2AADEBC7004BA49E /* Preview Assets.xcassets */,
			);
			path = "Preview Content";
			sourceTree = "<group>";
		};
		12F666C92AADED2E004BA49E /* View */ = {
			isa = PBXGroup;
			children = (
				12F666B82AADEBC5004BA49E /* StockApp.swift */,
				12F666D82AADEE64004BA49E /* StockListView.swift */,
				12F666E02AADEF43004BA49E /* StockItemListView.swift */,
				1234D2CB2D3E75BB003A07A5 /* Setting */,
				12F666EE2AAE0944004BA49E /* Components */,
			);
			path = View;
			sourceTree = "<group>";
		};
		12F666CA2AADED34004BA49E /* Model */ = {
			isa = PBXGroup;
			children = (
				12F666D42AADEDED004BA49E /* Stock.swift */,
				12F666D62AADEE26004BA49E /* StockItem.swift */,
				12F667132AB12A98004BA49E /* Mode.swift */,
				1234D2BC2D3E6DED003A07A5 /* InAppPurchase */,
			);
			path = Model;
			sourceTree = "<group>";
		};
		12F666CB2AADED39004BA49E /* ViewModel */ = {
			isa = PBXGroup;
			children = (
				12F6670B2AB0326A004BA49E /* RootEnvironment.swift */,
				12F667192AB13BC0004BA49E /* RepositoryViewModel.swift */,
				1234D2CE2D3E75E2003A07A5 /* InAppPurchaseViewModel.swift */,
				12F666FD2AAF4F53004BA49E /* SettingViewModel.swift */,
				123A16C12AF3E2C800C66BDB /* WatchConnectViewModel.swift */,
			);
			path = ViewModel;
			sourceTree = "<group>";
		};
		12F666CC2AADED4C004BA49E /* Extension&Utility */ = {
			isa = PBXGroup;
			children = (
				1234D2C32D3E7283003A07A5 /* Extenstion */,
				1234D2DA2D3E792A003A07A5 /* Utility */,
			);
			path = "Extension&Utility";
			sourceTree = "<group>";
		};
		12F666CD2AADED53004BA49E /* Repository */ = {
			isa = PBXGroup;
			children = (
				1234D2D02D3E767B003A07A5 /* DI */,
				12F666CE2AADED67004BA49E /* RealmRepository.swift */,
				1234D2BA2D3E6DC3003A07A5 /* InAppPurchaseRepository.swift */,
				1234D2D32D3E76A2003A07A5 /* UserDefaultsRepository.swift */,
			);
			path = Repository;
			sourceTree = "<group>";
		};
		12F666E42AADF204004BA49E /* Resources */ = {
			isa = PBXGroup;
			children = (
				12F666E52AADF22B004BA49E /* Images.xcassets */,
				12F666E72AADF252004BA49E /* Colors.xcassets */,
				12F667032AAF50B3004BA49E /* Localizable.strings */,
			);
			path = Resources;
			sourceTree = "<group>";
		};
		12F666E92AADF27D004BA49E /* Generated */ = {
			isa = PBXGroup;
			children = (
				12F666EA2AADF2C4004BA49E /* Assets.swift */,
				12F667052AAF557A004BA49E /* Strings.swift */,
			);
			path = Generated;
			sourceTree = "<group>";
		};
		12F666EE2AAE0944004BA49E /* Components */ = {
			isa = PBXGroup;
			children = (
				12F666F12AAE8DF6004BA49E /* HeaderView.swift */,
				12F666F32AAE8FE6004BA49E /* InputView.swift */,
				12F666DE2AADEF1D004BA49E /* StockRowView.swift */,
				12F666FB2AAF459C004BA49E /* RewardButtonView.swift */,
				12F666F72AAF3CA1004BA49E /* AdMobView.swift */,
				12F666F52AAE983A004BA49E /* FooterView.swift */,
				12F667172AB1306B004BA49E /* AccordionBoxView.swift */,
			);
			path = Components;
			sourceTree = "<group>";
		};
		6B5A92AB7F14FD83981853A4 /* Frameworks */ = {
			isa = PBXGroup;
			children = (
				FF31ADA715E6A8EB4DCB8B3C /* Pods_Stock.framework */,
				13570DD197F356B1727E9240 /* Pods_StockWatch_Watch_App.framework */,
			);
			name = Frameworks;
			sourceTree = "<group>";
		};
		D21FBA19D5D7EB9E665EDB59 /* Pods */ = {
			isa = PBXGroup;
			children = (
				90768591E79D79D58DF86FB0 /* Pods-Stock.debug.xcconfig */,
				D52EE470740272F9154FC79C /* Pods-Stock.release.xcconfig */,
				06EE230EEC3480465C26678D /* Pods-StockWatch Watch App.debug.xcconfig */,
				527B61039EB990B157619835 /* Pods-StockWatch Watch App.release.xcconfig */,
			);
			path = Pods;
			sourceTree = "<group>";
		};
/* End PBXGroup section */

/* Begin PBXNativeTarget section */
		123A16B02AF3E21000C66BDB /* StockWatch Watch App */ = {
			isa = PBXNativeTarget;
			buildConfigurationList = 123A16BE2AF3E21100C66BDB /* Build configuration list for PBXNativeTarget "StockWatch Watch App" */;
			buildPhases = (
				46D3C9C14A31EC7CF6E5672A /* [CP] Check Pods Manifest.lock */,
				123A16AD2AF3E21000C66BDB /* Sources */,
				123A16AE2AF3E21000C66BDB /* Frameworks */,
				123A16AF2AF3E21000C66BDB /* Resources */,
				63025DCC37704465953DD242 /* [CP] Embed Pods Frameworks */,
			);
			buildRules = (
			);
			dependencies = (
			);
			name = "StockWatch Watch App";
			productName = "StockWatch Watch App";
			productReference = 123A16B12AF3E21000C66BDB /* StockWatch Watch App.app */;
			productType = "com.apple.product-type.application";
		};
		12F666B42AADEBC5004BA49E /* Stock */ = {
			isa = PBXNativeTarget;
			buildConfigurationList = 12F666C32AADEBC7004BA49E /* Build configuration list for PBXNativeTarget "Stock" */;
			buildPhases = (
				85EB5F2CFB0ECD3BBD1FFE94 /* [CP] Check Pods Manifest.lock */,
				12F666B12AADEBC5004BA49E /* Sources */,
				12F666B22AADEBC5004BA49E /* Frameworks */,
				12F666B32AADEBC5004BA49E /* Resources */,
				4B9E5CE0BFF2220D0548EFDA /* [CP] Embed Pods Frameworks */,
				123A16CF2AF4F16800C66BDB /* Embed Watch Content */,
			);
			buildRules = (
			);
			dependencies = (
				123A16CE2AF4F16800C66BDB /* PBXTargetDependency */,
			);
			name = Stock;
			productName = Stock;
			productReference = 12F666B52AADEBC5004BA49E /* Stock.app */;
			productType = "com.apple.product-type.application";
		};
/* End PBXNativeTarget section */

/* Begin PBXProject section */
		12F666AD2AADEBC5004BA49E /* Project object */ = {
			isa = PBXProject;
			attributes = {
				BuildIndependentTargetsInParallel = 1;
				LastSwiftUpdateCheck = 1500;
				LastUpgradeCheck = 1420;
				TargetAttributes = {
					123A16B02AF3E21000C66BDB = {
						CreatedOnToolsVersion = 15.0.1;
					};
					12F666B42AADEBC5004BA49E = {
						CreatedOnToolsVersion = 14.2;
					};
				};
			};
			buildConfigurationList = 12F666B02AADEBC5004BA49E /* Build configuration list for PBXProject "Stock" */;
			compatibilityVersion = "Xcode 14.0";
			developmentRegion = en;
			hasScannedForEncodings = 0;
			knownRegions = (
				en,
				Base,
				ja,
			);
			mainGroup = 12F666AC2AADEBC5004BA49E;
			productRefGroup = 12F666B62AADEBC5004BA49E /* Products */;
			projectDirPath = "";
			projectRoot = "";
			targets = (
				12F666B42AADEBC5004BA49E /* Stock */,
				123A16B02AF3E21000C66BDB /* StockWatch Watch App */,
			);
		};
/* End PBXProject section */

/* Begin PBXResourcesBuildPhase section */
		123A16AF2AF3E21000C66BDB /* Resources */ = {
			isa = PBXResourcesBuildPhase;
			buildActionMask = 2147483647;
			files = (
				12C3DD3E2AFB9C4B004E6D4A /* Images.xcassets in Resources */,
				123A16BB2AF3E21100C66BDB /* Preview Assets.xcassets in Resources */,
				123A16B82AF3E21100C66BDB /* Assets.xcassets in Resources */,
			);
			runOnlyForDeploymentPostprocessing = 0;
		};
		12F666B32AADEBC5004BA49E /* Resources */ = {
			isa = PBXResourcesBuildPhase;
			buildActionMask = 2147483647;
			files = (
				12F667012AAF50B3004BA49E /* Localizable.strings in Resources */,
				12F666C02AADEBC7004BA49E /* Preview Assets.xcassets in Resources */,
				12F666E82AADF252004BA49E /* Colors.xcassets in Resources */,
				1234D2DE2D3E7C10003A07A5 /* AsyncProducts.storekit in Resources */,
				12F666E62AADF22B004BA49E /* Images.xcassets in Resources */,
				12F666C72AADEC93004BA49E /* GoogleService-Info.plist in Resources */,
			);
			runOnlyForDeploymentPostprocessing = 0;
		};
/* End PBXResourcesBuildPhase section */

/* Begin PBXShellScriptBuildPhase section */
		46D3C9C14A31EC7CF6E5672A /* [CP] Check Pods Manifest.lock */ = {
			isa = PBXShellScriptBuildPhase;
			buildActionMask = 2147483647;
			files = (
			);
			inputFileListPaths = (
			);
			inputPaths = (
				"${PODS_PODFILE_DIR_PATH}/Podfile.lock",
				"${PODS_ROOT}/Manifest.lock",
			);
			name = "[CP] Check Pods Manifest.lock";
			outputFileListPaths = (
			);
			outputPaths = (
				"$(DERIVED_FILE_DIR)/Pods-StockWatch Watch App-checkManifestLockResult.txt",
			);
			runOnlyForDeploymentPostprocessing = 0;
			shellPath = /bin/sh;
			shellScript = "diff \"${PODS_PODFILE_DIR_PATH}/Podfile.lock\" \"${PODS_ROOT}/Manifest.lock\" > /dev/null\nif [ $? != 0 ] ; then\n    # print error to STDERR\n    echo \"error: The sandbox is not in sync with the Podfile.lock. Run 'pod install' or update your CocoaPods installation.\" >&2\n    exit 1\nfi\n# This output is used by Xcode 'outputs' to avoid re-running this script phase.\necho \"SUCCESS\" > \"${SCRIPT_OUTPUT_FILE_0}\"\n";
			showEnvVarsInLog = 0;
		};
		4B9E5CE0BFF2220D0548EFDA /* [CP] Embed Pods Frameworks */ = {
			isa = PBXShellScriptBuildPhase;
			buildActionMask = 2147483647;
			files = (
			);
			inputFileListPaths = (
				"${PODS_ROOT}/Target Support Files/Pods-Stock/Pods-Stock-frameworks-${CONFIGURATION}-input-files.xcfilelist",
			);
			name = "[CP] Embed Pods Frameworks";
			outputFileListPaths = (
				"${PODS_ROOT}/Target Support Files/Pods-Stock/Pods-Stock-frameworks-${CONFIGURATION}-output-files.xcfilelist",
			);
			runOnlyForDeploymentPostprocessing = 0;
			shellPath = /bin/sh;
			shellScript = "\"${PODS_ROOT}/Target Support Files/Pods-Stock/Pods-Stock-frameworks.sh\"\n";
			showEnvVarsInLog = 0;
		};
		63025DCC37704465953DD242 /* [CP] Embed Pods Frameworks */ = {
			isa = PBXShellScriptBuildPhase;
			buildActionMask = 2147483647;
			files = (
			);
			inputFileListPaths = (
				"${PODS_ROOT}/Target Support Files/Pods-StockWatch Watch App/Pods-StockWatch Watch App-frameworks-${CONFIGURATION}-input-files.xcfilelist",
			);
			name = "[CP] Embed Pods Frameworks";
			outputFileListPaths = (
				"${PODS_ROOT}/Target Support Files/Pods-StockWatch Watch App/Pods-StockWatch Watch App-frameworks-${CONFIGURATION}-output-files.xcfilelist",
			);
			runOnlyForDeploymentPostprocessing = 0;
			shellPath = /bin/sh;
			shellScript = "\"${PODS_ROOT}/Target Support Files/Pods-StockWatch Watch App/Pods-StockWatch Watch App-frameworks.sh\"\n";
			showEnvVarsInLog = 0;
		};
		85EB5F2CFB0ECD3BBD1FFE94 /* [CP] Check Pods Manifest.lock */ = {
			isa = PBXShellScriptBuildPhase;
			buildActionMask = 2147483647;
			files = (
			);
			inputFileListPaths = (
			);
			inputPaths = (
				"${PODS_PODFILE_DIR_PATH}/Podfile.lock",
				"${PODS_ROOT}/Manifest.lock",
			);
			name = "[CP] Check Pods Manifest.lock";
			outputFileListPaths = (
			);
			outputPaths = (
				"$(DERIVED_FILE_DIR)/Pods-Stock-checkManifestLockResult.txt",
			);
			runOnlyForDeploymentPostprocessing = 0;
			shellPath = /bin/sh;
			shellScript = "diff \"${PODS_PODFILE_DIR_PATH}/Podfile.lock\" \"${PODS_ROOT}/Manifest.lock\" > /dev/null\nif [ $? != 0 ] ; then\n    # print error to STDERR\n    echo \"error: The sandbox is not in sync with the Podfile.lock. Run 'pod install' or update your CocoaPods installation.\" >&2\n    exit 1\nfi\n# This output is used by Xcode 'outputs' to avoid re-running this script phase.\necho \"SUCCESS\" > \"${SCRIPT_OUTPUT_FILE_0}\"\n";
			showEnvVarsInLog = 0;
		};
/* End PBXShellScriptBuildPhase section */

/* Begin PBXSourcesBuildPhase section */
		123A16AD2AF3E21000C66BDB /* Sources */ = {
			isa = PBXSourcesBuildPhase;
			buildActionMask = 2147483647;
			files = (
				123A16D82AFB526500C66BDB /* StockItemRowView.swift in Sources */,
				12C3DD3F2AFB9C55004E6D4A /* Assets.swift in Sources */,
				1234D2BE2D3E6DF9003A07A5 /* ProductItem.swift in Sources */,
				123A16B62AF3E21000C66BDB /* StockListView.swift in Sources */,
				1234D2C12D3E6E13003A07A5 /* SecretProductIdKey.swift in Sources */,
				12C3DD3A2AFB984D004E6D4A /* RepositoryViewModel.swift in Sources */,
				123A16B42AF3E21000C66BDB /* StockWatchApp.swift in Sources */,
				12C3DD432AFB9DAD004E6D4A /* RealmRepository.swift in Sources */,
				123A16CA2AF465B600C66BDB /* Stock.swift in Sources */,
				123A16CB2AF465B800C66BDB /* StockItem.swift in Sources */,
				123A16D32AF8B55500C66BDB /* StockItemListView.swift in Sources */,
				123A16D62AFB4D7600C66BDB /* EXCollection.swift in Sources */,
				12C3DD402AFB9C58004E6D4A /* Strings.swift in Sources */,
				123A16C02AF3E2A200C66BDB /* iOSConnectViewModel.swift in Sources */,
			);
			runOnlyForDeploymentPostprocessing = 0;
		};
		12F666B12AADEBC5004BA49E /* Sources */ = {
			isa = PBXSourcesBuildPhase;
			buildActionMask = 2147483647;
			files = (
				12F666D72AADEE26004BA49E /* StockItem.swift in Sources */,
				12F667142AB12A98004BA49E /* Mode.swift in Sources */,
				12F666EB2AADF2C4004BA49E /* Assets.swift in Sources */,
				1234D2D92D3E78DF003A07A5 /* ExModifier.swift in Sources */,
				12F666FA2AAF4311004BA49E /* SettingView.swift in Sources */,
				12F666D92AADEE64004BA49E /* StockListView.swift in Sources */,
				12F666D12AADED96004BA49E /* ExColor.swift in Sources */,
				12F666F62AAE983A004BA49E /* FooterView.swift in Sources */,
				123A16D52AFB4D7600C66BDB /* EXCollection.swift in Sources */,
				12F6671A2AB13BC0004BA49E /* RepositoryViewModel.swift in Sources */,
				12F6670A2AAFEF22004BA49E /* UserDefaultsManager.swift in Sources */,
				1234D2CD2D3E75CB003A07A5 /* InAppPurchaseView.swift in Sources */,
				12F666E12AADEF43004BA49E /* StockItemListView.swift in Sources */,
				1234D2BB2D3E6DC4003A07A5 /* InAppPurchaseRepository.swift in Sources */,
				12F666D52AADEDED004BA49E /* Stock.swift in Sources */,
				12F666DF2AADEF1D004BA49E /* StockRowView.swift in Sources */,
				12F667162AB13045004BA49E /* HowToUseTheAppView.swift in Sources */,
				12F666B92AADEBC5004BA49E /* StockApp.swift in Sources */,
				1234D2D22D3E767F003A07A5 /* RepositoryDependency.swift in Sources */,
				12F666FC2AAF459C004BA49E /* RewardButtonView.swift in Sources */,
				12F666D32AADEDAB004BA49E /* AvailableNavigationStack.swift in Sources */,
				12F667062AAF557A004BA49E /* Strings.swift in Sources */,
				1234D2BF2D3E6DF9003A07A5 /* ProductItem.swift in Sources */,
				12F666ED2AAE03E7004BA49E /* AvailableListBackGroundStack.swift in Sources */,
				12F666FE2AAF4F53004BA49E /* SettingViewModel.swift in Sources */,
				1234D2D72D3E781E003A07A5 /* AppManager.swift in Sources */,
				12F666F42AAE8FE6004BA49E /* InputView.swift in Sources */,
				12F667182AB1306B004BA49E /* AccordionBoxView.swift in Sources */,
				1234D2C22D3E6E13003A07A5 /* SecretProductIdKey.swift in Sources */,
				12F666CF2AADED67004BA49E /* RealmRepository.swift in Sources */,
				1234D2DC2D3E7937003A07A5 /* DeviceSizeUtility.swift in Sources */,
				1234D2C82D3E7325003A07A5 /* ExUIApplication.swift in Sources */,
				12F666F82AAF3CA1004BA49E /* AdMobView.swift in Sources */,
				1234D2D42D3E76A2003A07A5 /* UserDefaultsRepository.swift in Sources */,
				123A16C22AF3E2C800C66BDB /* WatchConnectViewModel.swift in Sources */,
				12F6670C2AB0326A004BA49E /* RootEnvironment.swift in Sources */,
				12F666F22AAE8DF6004BA49E /* HeaderView.swift in Sources */,
				1234D2CF2D3E75E3003A07A5 /* InAppPurchaseViewModel.swift in Sources */,
				1234D2CA2D3E73CB003A07A5 /* ExView.swift in Sources */,
			);
			runOnlyForDeploymentPostprocessing = 0;
		};
/* End PBXSourcesBuildPhase section */

/* Begin PBXTargetDependency section */
		123A16CE2AF4F16800C66BDB /* PBXTargetDependency */ = {
			isa = PBXTargetDependency;
			target = 123A16B02AF3E21000C66BDB /* StockWatch Watch App */;
			targetProxy = 123A16CD2AF4F16800C66BDB /* PBXContainerItemProxy */;
		};
/* End PBXTargetDependency section */

/* Begin PBXVariantGroup section */
		12F667032AAF50B3004BA49E /* Localizable.strings */ = {
			isa = PBXVariantGroup;
			children = (
				12F667022AAF50B3004BA49E /* ja */,
				12F667042AAF50CF004BA49E /* en */,
			);
			name = Localizable.strings;
			sourceTree = "<group>";
		};
/* End PBXVariantGroup section */

/* Begin XCBuildConfiguration section */
		123A16BC2AF3E21100C66BDB /* Debug */ = {
			isa = XCBuildConfiguration;
			baseConfigurationReference = 06EE230EEC3480465C26678D /* Pods-StockWatch Watch App.debug.xcconfig */;
			buildSettings = {
				ASSETCATALOG_COMPILER_APPICON_NAME = AppIcon;
				ASSETCATALOG_COMPILER_GENERATE_SWIFT_ASSET_SYMBOL_EXTENSIONS = YES;
				ASSETCATALOG_COMPILER_GLOBAL_ACCENT_COLOR_NAME = AccentColor;
				CODE_SIGN_STYLE = Automatic;
				CURRENT_PROJECT_VERSION = 13;
				DEVELOPMENT_ASSET_PATHS = "\"StockWatch Watch App/Preview Content\"";
				DEVELOPMENT_TEAM = CGD79LB65H;
				ENABLE_PREVIEWS = YES;
				ENABLE_USER_SCRIPT_SANDBOXING = NO;
				GCC_C_LANGUAGE_STANDARD = gnu17;
				GENERATE_INFOPLIST_FILE = YES;
				INFOPLIST_KEY_CFBundleDisplayName = StockWatch;
				INFOPLIST_KEY_UISupportedInterfaceOrientations = "UIInterfaceOrientationPortrait UIInterfaceOrientationPortraitUpsideDown";
				INFOPLIST_KEY_WKCompanionAppBundleIdentifier = com.ame.Stock;
				LD_RUNPATH_SEARCH_PATHS = (
					"$(inherited)",
					"@executable_path/Frameworks",
				);
				LOCALIZATION_PREFERS_STRING_CATALOGS = YES;
				MARKETING_VERSION = 2.0.0;
				PRODUCT_BUNDLE_IDENTIFIER = com.ame.Stock.watchkitapp;
				PRODUCT_NAME = "$(TARGET_NAME)";
				SDKROOT = watchos;
				SKIP_INSTALL = YES;
				SWIFT_ACTIVE_COMPILATION_CONDITIONS = "DEBUG $(inherited)";
				SWIFT_EMIT_LOC_STRINGS = YES;
				SWIFT_VERSION = 5.0;
				TARGETED_DEVICE_FAMILY = 4;
				WATCHOS_DEPLOYMENT_TARGET = 10.0;
			};
			name = Debug;
		};
		123A16BD2AF3E21100C66BDB /* Release */ = {
			isa = XCBuildConfiguration;
			baseConfigurationReference = 527B61039EB990B157619835 /* Pods-StockWatch Watch App.release.xcconfig */;
			buildSettings = {
				ASSETCATALOG_COMPILER_APPICON_NAME = AppIcon;
				ASSETCATALOG_COMPILER_GENERATE_SWIFT_ASSET_SYMBOL_EXTENSIONS = YES;
				ASSETCATALOG_COMPILER_GLOBAL_ACCENT_COLOR_NAME = AccentColor;
				CODE_SIGN_STYLE = Automatic;
				CURRENT_PROJECT_VERSION = 13;
				DEVELOPMENT_ASSET_PATHS = "\"StockWatch Watch App/Preview Content\"";
				DEVELOPMENT_TEAM = CGD79LB65H;
				ENABLE_PREVIEWS = YES;
				ENABLE_USER_SCRIPT_SANDBOXING = NO;
				GCC_C_LANGUAGE_STANDARD = gnu17;
				GENERATE_INFOPLIST_FILE = YES;
				INFOPLIST_KEY_CFBundleDisplayName = StockWatch;
				INFOPLIST_KEY_UISupportedInterfaceOrientations = "UIInterfaceOrientationPortrait UIInterfaceOrientationPortraitUpsideDown";
				INFOPLIST_KEY_WKCompanionAppBundleIdentifier = com.ame.Stock;
				LD_RUNPATH_SEARCH_PATHS = (
					"$(inherited)",
					"@executable_path/Frameworks",
				);
				LOCALIZATION_PREFERS_STRING_CATALOGS = YES;
				MARKETING_VERSION = 2.0.0;
				PRODUCT_BUNDLE_IDENTIFIER = com.ame.Stock.watchkitapp;
				PRODUCT_NAME = "$(TARGET_NAME)";
				SDKROOT = watchos;
				SKIP_INSTALL = YES;
				SWIFT_EMIT_LOC_STRINGS = YES;
				SWIFT_VERSION = 5.0;
				TARGETED_DEVICE_FAMILY = 4;
				WATCHOS_DEPLOYMENT_TARGET = 10.0;
			};
			name = Release;
		};
		12F666C12AADEBC7004BA49E /* Debug */ = {
			isa = XCBuildConfiguration;
			buildSettings = {
				ALWAYS_SEARCH_USER_PATHS = NO;
				CLANG_ANALYZER_NONNULL = YES;
				CLANG_ANALYZER_NUMBER_OBJECT_CONVERSION = YES_AGGRESSIVE;
				CLANG_CXX_LANGUAGE_STANDARD = "gnu++20";
				CLANG_ENABLE_MODULES = YES;
				CLANG_ENABLE_OBJC_ARC = YES;
				CLANG_ENABLE_OBJC_WEAK = YES;
				CLANG_WARN_BLOCK_CAPTURE_AUTORELEASING = YES;
				CLANG_WARN_BOOL_CONVERSION = YES;
				CLANG_WARN_COMMA = YES;
				CLANG_WARN_CONSTANT_CONVERSION = YES;
				CLANG_WARN_DEPRECATED_OBJC_IMPLEMENTATIONS = YES;
				CLANG_WARN_DIRECT_OBJC_ISA_USAGE = YES_ERROR;
				CLANG_WARN_DOCUMENTATION_COMMENTS = YES;
				CLANG_WARN_EMPTY_BODY = YES;
				CLANG_WARN_ENUM_CONVERSION = YES;
				CLANG_WARN_INFINITE_RECURSION = YES;
				CLANG_WARN_INT_CONVERSION = YES;
				CLANG_WARN_NON_LITERAL_NULL_CONVERSION = YES;
				CLANG_WARN_OBJC_IMPLICIT_RETAIN_SELF = YES;
				CLANG_WARN_OBJC_LITERAL_CONVERSION = YES;
				CLANG_WARN_OBJC_ROOT_CLASS = YES_ERROR;
				CLANG_WARN_QUOTED_INCLUDE_IN_FRAMEWORK_HEADER = YES;
				CLANG_WARN_RANGE_LOOP_ANALYSIS = YES;
				CLANG_WARN_STRICT_PROTOTYPES = YES;
				CLANG_WARN_SUSPICIOUS_MOVE = YES;
				CLANG_WARN_UNGUARDED_AVAILABILITY = YES_AGGRESSIVE;
				CLANG_WARN_UNREACHABLE_CODE = YES;
				CLANG_WARN__DUPLICATE_METHOD_MATCH = YES;
				COPY_PHASE_STRIP = NO;
				DEBUG_INFORMATION_FORMAT = dwarf;
				ENABLE_STRICT_OBJC_MSGSEND = YES;
				ENABLE_TESTABILITY = YES;
				GCC_C_LANGUAGE_STANDARD = gnu11;
				GCC_DYNAMIC_NO_PIC = NO;
				GCC_NO_COMMON_BLOCKS = YES;
				GCC_OPTIMIZATION_LEVEL = 0;
				GCC_PREPROCESSOR_DEFINITIONS = (
					"DEBUG=1",
					"$(inherited)",
				);
				GCC_WARN_64_TO_32_BIT_CONVERSION = YES;
				GCC_WARN_ABOUT_RETURN_TYPE = YES_ERROR;
				GCC_WARN_UNDECLARED_SELECTOR = YES;
				GCC_WARN_UNINITIALIZED_AUTOS = YES_AGGRESSIVE;
				GCC_WARN_UNUSED_FUNCTION = YES;
				GCC_WARN_UNUSED_VARIABLE = YES;
				IPHONEOS_DEPLOYMENT_TARGET = 16.2;
				MTL_ENABLE_DEBUG_INFO = INCLUDE_SOURCE;
				MTL_FAST_MATH = YES;
				ONLY_ACTIVE_ARCH = YES;
				SDKROOT = iphoneos;
				SWIFT_ACTIVE_COMPILATION_CONDITIONS = DEBUG;
				SWIFT_OPTIMIZATION_LEVEL = "-Onone";
			};
			name = Debug;
		};
		12F666C22AADEBC7004BA49E /* Release */ = {
			isa = XCBuildConfiguration;
			buildSettings = {
				ALWAYS_SEARCH_USER_PATHS = NO;
				CLANG_ANALYZER_NONNULL = YES;
				CLANG_ANALYZER_NUMBER_OBJECT_CONVERSION = YES_AGGRESSIVE;
				CLANG_CXX_LANGUAGE_STANDARD = "gnu++20";
				CLANG_ENABLE_MODULES = YES;
				CLANG_ENABLE_OBJC_ARC = YES;
				CLANG_ENABLE_OBJC_WEAK = YES;
				CLANG_WARN_BLOCK_CAPTURE_AUTORELEASING = YES;
				CLANG_WARN_BOOL_CONVERSION = YES;
				CLANG_WARN_COMMA = YES;
				CLANG_WARN_CONSTANT_CONVERSION = YES;
				CLANG_WARN_DEPRECATED_OBJC_IMPLEMENTATIONS = YES;
				CLANG_WARN_DIRECT_OBJC_ISA_USAGE = YES_ERROR;
				CLANG_WARN_DOCUMENTATION_COMMENTS = YES;
				CLANG_WARN_EMPTY_BODY = YES;
				CLANG_WARN_ENUM_CONVERSION = YES;
				CLANG_WARN_INFINITE_RECURSION = YES;
				CLANG_WARN_INT_CONVERSION = YES;
				CLANG_WARN_NON_LITERAL_NULL_CONVERSION = YES;
				CLANG_WARN_OBJC_IMPLICIT_RETAIN_SELF = YES;
				CLANG_WARN_OBJC_LITERAL_CONVERSION = YES;
				CLANG_WARN_OBJC_ROOT_CLASS = YES_ERROR;
				CLANG_WARN_QUOTED_INCLUDE_IN_FRAMEWORK_HEADER = YES;
				CLANG_WARN_RANGE_LOOP_ANALYSIS = YES;
				CLANG_WARN_STRICT_PROTOTYPES = YES;
				CLANG_WARN_SUSPICIOUS_MOVE = YES;
				CLANG_WARN_UNGUARDED_AVAILABILITY = YES_AGGRESSIVE;
				CLANG_WARN_UNREACHABLE_CODE = YES;
				CLANG_WARN__DUPLICATE_METHOD_MATCH = YES;
				COPY_PHASE_STRIP = NO;
				DEBUG_INFORMATION_FORMAT = "dwarf-with-dsym";
				ENABLE_NS_ASSERTIONS = NO;
				ENABLE_STRICT_OBJC_MSGSEND = YES;
				GCC_C_LANGUAGE_STANDARD = gnu11;
				GCC_NO_COMMON_BLOCKS = YES;
				GCC_WARN_64_TO_32_BIT_CONVERSION = YES;
				GCC_WARN_ABOUT_RETURN_TYPE = YES_ERROR;
				GCC_WARN_UNDECLARED_SELECTOR = YES;
				GCC_WARN_UNINITIALIZED_AUTOS = YES_AGGRESSIVE;
				GCC_WARN_UNUSED_FUNCTION = YES;
				GCC_WARN_UNUSED_VARIABLE = YES;
				IPHONEOS_DEPLOYMENT_TARGET = 16.2;
				MTL_ENABLE_DEBUG_INFO = NO;
				MTL_FAST_MATH = YES;
				SDKROOT = iphoneos;
				SWIFT_COMPILATION_MODE = wholemodule;
				SWIFT_OPTIMIZATION_LEVEL = "-O";
				VALIDATE_PRODUCT = YES;
			};
			name = Release;
		};
		12F666C42AADEBC7004BA49E /* Debug */ = {
			isa = XCBuildConfiguration;
			baseConfigurationReference = 90768591E79D79D58DF86FB0 /* Pods-Stock.debug.xcconfig */;
			buildSettings = {
				ASSETCATALOG_COMPILER_APPICON_NAME = AppIcon;
				ASSETCATALOG_COMPILER_GLOBAL_ACCENT_COLOR_NAME = AccentColor;
				CODE_SIGN_STYLE = Automatic;
				CURRENT_PROJECT_VERSION = 13;
				DEVELOPMENT_ASSET_PATHS = "\"Stock/Preview Content\"";
				DEVELOPMENT_TEAM = CGD79LB65H;
				ENABLE_PREVIEWS = YES;
				GENERATE_INFOPLIST_FILE = YES;
				INFOPLIST_FILE = Stock/Info.plist;
				INFOPLIST_KEY_LSApplicationCategoryType = "public.app-category.travel";
				INFOPLIST_KEY_UIApplicationSceneManifest_Generation = YES;
				INFOPLIST_KEY_UIApplicationSupportsIndirectInputEvents = YES;
				INFOPLIST_KEY_UILaunchScreen_Generation = YES;
				INFOPLIST_KEY_UISupportedInterfaceOrientations = UIInterfaceOrientationPortrait;
				INFOPLIST_KEY_UISupportedInterfaceOrientations_iPad = "UIInterfaceOrientationLandscapeLeft UIInterfaceOrientationLandscapeRight UIInterfaceOrientationPortrait UIInterfaceOrientationPortraitUpsideDown";
				INFOPLIST_KEY_UIUserInterfaceStyle = Dark;
				IPHONEOS_DEPLOYMENT_TARGET = 16.0;
				LD_RUNPATH_SEARCH_PATHS = (
					"$(inherited)",
					"@executable_path/Frameworks",
				);
				MARKETING_VERSION = 2.0.0;
				PRODUCT_BUNDLE_IDENTIFIER = com.ame.Stock;
				PRODUCT_NAME = "$(TARGET_NAME)";
				SUPPORTED_PLATFORMS = "iphoneos iphonesimulator";
				SUPPORTS_MACCATALYST = NO;
				SUPPORTS_MAC_DESIGNED_FOR_IPHONE_IPAD = YES;
				SWIFT_EMIT_LOC_STRINGS = YES;
				SWIFT_VERSION = 5.0;
				TARGETED_DEVICE_FAMILY = 1;
			};
			name = Debug;
		};
		12F666C52AADEBC7004BA49E /* Release */ = {
			isa = XCBuildConfiguration;
			baseConfigurationReference = D52EE470740272F9154FC79C /* Pods-Stock.release.xcconfig */;
			buildSettings = {
				ASSETCATALOG_COMPILER_APPICON_NAME = AppIcon;
				ASSETCATALOG_COMPILER_GLOBAL_ACCENT_COLOR_NAME = AccentColor;
				CODE_SIGN_STYLE = Automatic;
				CURRENT_PROJECT_VERSION = 13;
				DEVELOPMENT_ASSET_PATHS = "\"Stock/Preview Content\"";
				DEVELOPMENT_TEAM = CGD79LB65H;
				ENABLE_PREVIEWS = YES;
				GENERATE_INFOPLIST_FILE = YES;
				INFOPLIST_FILE = Stock/Info.plist;
				INFOPLIST_KEY_LSApplicationCategoryType = "public.app-category.travel";
				INFOPLIST_KEY_UIApplicationSceneManifest_Generation = YES;
				INFOPLIST_KEY_UIApplicationSupportsIndirectInputEvents = YES;
				INFOPLIST_KEY_UILaunchScreen_Generation = YES;
				INFOPLIST_KEY_UISupportedInterfaceOrientations = UIInterfaceOrientationPortrait;
				INFOPLIST_KEY_UISupportedInterfaceOrientations_iPad = "UIInterfaceOrientationLandscapeLeft UIInterfaceOrientationLandscapeRight UIInterfaceOrientationPortrait UIInterfaceOrientationPortraitUpsideDown";
				INFOPLIST_KEY_UIUserInterfaceStyle = Dark;
				IPHONEOS_DEPLOYMENT_TARGET = 16.0;
				LD_RUNPATH_SEARCH_PATHS = (
					"$(inherited)",
					"@executable_path/Frameworks",
				);
				MARKETING_VERSION = 2.0.0;
				PRODUCT_BUNDLE_IDENTIFIER = com.ame.Stock;
				PRODUCT_NAME = "$(TARGET_NAME)";
				SUPPORTED_PLATFORMS = "iphoneos iphonesimulator";
				SUPPORTS_MACCATALYST = NO;
				SUPPORTS_MAC_DESIGNED_FOR_IPHONE_IPAD = YES;
				SWIFT_EMIT_LOC_STRINGS = YES;
				SWIFT_VERSION = 5.0;
				TARGETED_DEVICE_FAMILY = 1;
			};
			name = Release;
		};
/* End XCBuildConfiguration section */

/* Begin XCConfigurationList section */
		123A16BE2AF3E21100C66BDB /* Build configuration list for PBXNativeTarget "StockWatch Watch App" */ = {
			isa = XCConfigurationList;
			buildConfigurations = (
				123A16BC2AF3E21100C66BDB /* Debug */,
				123A16BD2AF3E21100C66BDB /* Release */,
			);
			defaultConfigurationIsVisible = 0;
			defaultConfigurationName = Release;
		};
		12F666B02AADEBC5004BA49E /* Build configuration list for PBXProject "Stock" */ = {
			isa = XCConfigurationList;
			buildConfigurations = (
				12F666C12AADEBC7004BA49E /* Debug */,
				12F666C22AADEBC7004BA49E /* Release */,
			);
			defaultConfigurationIsVisible = 0;
			defaultConfigurationName = Release;
		};
		12F666C32AADEBC7004BA49E /* Build configuration list for PBXNativeTarget "Stock" */ = {
			isa = XCConfigurationList;
			buildConfigurations = (
				12F666C42AADEBC7004BA49E /* Debug */,
				12F666C52AADEBC7004BA49E /* Release */,
			);
			defaultConfigurationIsVisible = 0;
			defaultConfigurationName = Release;
		};
/* End XCConfigurationList section */
	};
	rootObject = 12F666AD2AADEBC5004BA49E /* Project object */;
}
